// !$*UTF8*$!
{
	archiveVersion = 1;
	classes = {
	};
	objectVersion = 55;
	objects = {

/* Begin PBXBuildFile section */
		FECBDDA0269639FF006F5818 /* AppDelegate.swift in Sources */ = {isa = PBXBuildFile; fileRef = FECBDD9F269639FF006F5818 /* AppDelegate.swift */; };
		FECBDDA2269639FF006F5818 /* SceneDelegate.swift in Sources */ = {isa = PBXBuildFile; fileRef = FECBDDA1269639FF006F5818 /* SceneDelegate.swift */; };
		FECBDDA4269639FF006F5818 /* ViewController.swift in Sources */ = {isa = PBXBuildFile; fileRef = FECBDDA3269639FF006F5818 /* ViewController.swift */; };
		FECBDDA7269639FF006F5818 /* Main.storyboard in Resources */ = {isa = PBXBuildFile; fileRef = FECBDDA5269639FF006F5818 /* Main.storyboard */; };
		FECBDDA926963A06006F5818 /* Assets.xcassets in Resources */ = {isa = PBXBuildFile; fileRef = FECBDDA826963A06006F5818 /* Assets.xcassets */; };
		FECBDDAC26963A06006F5818 /* LaunchScreen.storyboard in Resources */ = {isa = PBXBuildFile; fileRef = FECBDDAA26963A06006F5818 /* LaunchScreen.storyboard */; };
		FECBDDB726963A07006F5818 /* MVVM_1Tests.swift in Sources */ = {isa = PBXBuildFile; fileRef = FECBDDB626963A07006F5818 /* MVVM_1Tests.swift */; };
		FECBDDC126963A07006F5818 /* MVVM_1UITests.swift in Sources */ = {isa = PBXBuildFile; fileRef = FECBDDC026963A07006F5818 /* MVVM_1UITests.swift */; };
		FECBDDCE26963A90006F5818 /* Profile.swift in Sources */ = {isa = PBXBuildFile; fileRef = FECBDDCD26963A8F006F5818 /* Profile.swift */; };
/* End PBXBuildFile section */

/* Begin PBXContainerItemProxy section */
		FECBDDB326963A07006F5818 /* PBXContainerItemProxy */ = {
			isa = PBXContainerItemProxy;
			containerPortal = FECBDD94269639FF006F5818 /* Project object */;
			proxyType = 1;
			remoteGlobalIDString = FECBDD9B269639FF006F5818;
			remoteInfo = "MVVM-1";
		};
		FECBDDBD26963A07006F5818 /* PBXContainerItemProxy */ = {
			isa = PBXContainerItemProxy;
			containerPortal = FECBDD94269639FF006F5818 /* Project object */;
			proxyType = 1;
			remoteGlobalIDString = FECBDD9B269639FF006F5818;
			remoteInfo = "MVVM-1";
		};
/* End PBXContainerItemProxy section */

/* Begin PBXFileReference section */
		FECBDD9C269639FF006F5818 /* MVVM-1.app */ = {isa = PBXFileReference; explicitFileType = wrapper.application; includeInIndex = 0; path = "MVVM-1.app"; sourceTree = BUILT_PRODUCTS_DIR; };
		FECBDD9F269639FF006F5818 /* AppDelegate.swift */ = {isa = PBXFileReference; lastKnownFileType = sourcecode.swift; path = AppDelegate.swift; sourceTree = "<group>"; };
		FECBDDA1269639FF006F5818 /* SceneDelegate.swift */ = {isa = PBXFileReference; lastKnownFileType = sourcecode.swift; path = SceneDelegate.swift; sourceTree = "<group>"; };
		FECBDDA3269639FF006F5818 /* ViewController.swift */ = {isa = PBXFileReference; lastKnownFileType = sourcecode.swift; path = ViewController.swift; sourceTree = "<group>"; };
		FECBDDA6269639FF006F5818 /* Base */ = {isa = PBXFileReference; lastKnownFileType = file.storyboard; name = Base; path = Base.lproj/Main.storyboard; sourceTree = "<group>"; };
		FECBDDA826963A06006F5818 /* Assets.xcassets */ = {isa = PBXFileReference; lastKnownFileType = folder.assetcatalog; path = Assets.xcassets; sourceTree = "<group>"; };
		FECBDDAB26963A06006F5818 /* Base */ = {isa = PBXFileReference; lastKnownFileType = file.storyboard; name = Base; path = Base.lproj/LaunchScreen.storyboard; sourceTree = "<group>"; };
		FECBDDAD26963A06006F5818 /* Info.plist */ = {isa = PBXFileReference; lastKnownFileType = text.plist.xml; path = Info.plist; sourceTree = "<group>"; };
		FECBDDB226963A07006F5818 /* MVVM-1Tests.xctest */ = {isa = PBXFileReference; explicitFileType = wrapper.cfbundle; includeInIndex = 0; path = "MVVM-1Tests.xctest"; sourceTree = BUILT_PRODUCTS_DIR; };
		FECBDDB626963A07006F5818 /* MVVM_1Tests.swift */ = {isa = PBXFileReference; lastKnownFileType = sourcecode.swift; path = MVVM_1Tests.swift; sourceTree = "<group>"; };
		FECBDDBC26963A07006F5818 /* MVVM-1UITests.xctest */ = {isa = PBXFileReference; explicitFileType = wrapper.cfbundle; includeInIndex = 0; path = "MVVM-1UITests.xctest"; sourceTree = BUILT_PRODUCTS_DIR; };
		FECBDDC026963A07006F5818 /* MVVM_1UITests.swift */ = {isa = PBXFileReference; lastKnownFileType = sourcecode.swift; path = MVVM_1UITests.swift; sourceTree = "<group>"; };
		FECBDDCD26963A8F006F5818 /* Profile.swift */ = {isa = PBXFileReference; lastKnownFileType = sourcecode.swift; path = Profile.swift; sourceTree = "<group>"; };
/* End PBXFileReference section */

/* Begin PBXFrameworksBuildPhase section */
		FECBDD99269639FF006F5818 /* Frameworks */ = {
			isa = PBXFrameworksBuildPhase;
			buildActionMask = 2147483647;
			files = (
			);
			runOnlyForDeploymentPostprocessing = 0;
		};
		FECBDDAF26963A07006F5818 /* Frameworks */ = {
			isa = PBXFrameworksBuildPhase;
			buildActionMask = 2147483647;
			files = (
			);
			runOnlyForDeploymentPostprocessing = 0;
		};
		FECBDDB926963A07006F5818 /* Frameworks */ = {
			isa = PBXFrameworksBuildPhase;
			buildActionMask = 2147483647;
			files = (
			);
			runOnlyForDeploymentPostprocessing = 0;
		};
/* End PBXFrameworksBuildPhase section */

/* Begin PBXGroup section */
		FECBDD93269639FF006F5818 = {
			isa = PBXGroup;
			children = (
				FECBDD9E269639FF006F5818 /* MVVM-1 */,
				FECBDDB526963A07006F5818 /* MVVM-1Tests */,
				FECBDDBF26963A07006F5818 /* MVVM-1UITests */,
				FECBDD9D269639FF006F5818 /* Products */,
			);
			sourceTree = "<group>";
		};
		FECBDD9D269639FF006F5818 /* Products */ = {
			isa = PBXGroup;
			children = (
				FECBDD9C269639FF006F5818 /* MVVM-1.app */,
				FECBDDB226963A07006F5818 /* MVVM-1Tests.xctest */,
				FECBDDBC26963A07006F5818 /* MVVM-1UITests.xctest */,
			);
			name = Products;
			sourceTree = "<group>";
		};
		FECBDD9E269639FF006F5818 /* MVVM-1 */ = {
			isa = PBXGroup;
			children = (
				FECBDDCD26963A8F006F5818 /* Profile.swift */,
				FECBDD9F269639FF006F5818 /* AppDelegate.swift */,
				FECBDDA1269639FF006F5818 /* SceneDelegate.swift */,
				FECBDDA3269639FF006F5818 /* ViewController.swift */,
				FECBDDA5269639FF006F5818 /* Main.storyboard */,
				FECBDDA826963A06006F5818 /* Assets.xcassets */,
				FECBDDAA26963A06006F5818 /* LaunchScreen.storyboard */,
				FECBDDAD26963A06006F5818 /* Info.plist */,
			);
			path = "MVVM-1";
			sourceTree = "<group>";
		};
		FECBDDB526963A07006F5818 /* MVVM-1Tests */ = {
			isa = PBXGroup;
			children = (
				FECBDDB626963A07006F5818 /* MVVM_1Tests.swift */,
			);
			path = "MVVM-1Tests";
			sourceTree = "<group>";
		};
		FECBDDBF26963A07006F5818 /* MVVM-1UITests */ = {
			isa = PBXGroup;
			children = (
				FECBDDC026963A07006F5818 /* MVVM_1UITests.swift */,
			);
			path = "MVVM-1UITests";
			sourceTree = "<group>";
		};
/* End PBXGroup section */

/* Begin PBXNativeTarget section */
		FECBDD9B269639FF006F5818 /* MVVM-1 */ = {
			isa = PBXNativeTarget;
			buildConfigurationList = FECBDDC426963A07006F5818 /* Build configuration list for PBXNativeTarget "MVVM-1" */;
			buildPhases = (
				FECBDD98269639FF006F5818 /* Sources */,
				FECBDD99269639FF006F5818 /* Frameworks */,
				FECBDD9A269639FF006F5818 /* Resources */,
			);
			buildRules = (
			);
			dependencies = (
			);
			name = "MVVM-1";
			productName = "MVVM-1";
			productReference = FECBDD9C269639FF006F5818 /* MVVM-1.app */;
			productType = "com.apple.product-type.application";
		};
		FECBDDB126963A07006F5818 /* MVVM-1Tests */ = {
			isa = PBXNativeTarget;
			buildConfigurationList = FECBDDC726963A07006F5818 /* Build configuration list for PBXNativeTarget "MVVM-1Tests" */;
			buildPhases = (
				FECBDDAE26963A07006F5818 /* Sources */,
				FECBDDAF26963A07006F5818 /* Frameworks */,
				FECBDDB026963A07006F5818 /* Resources */,
			);
			buildRules = (
			);
			dependencies = (
				FECBDDB426963A07006F5818 /* PBXTargetDependency */,
			);
			name = "MVVM-1Tests";
			productName = "MVVM-1Tests";
			productReference = FECBDDB226963A07006F5818 /* MVVM-1Tests.xctest */;
			productType = "com.apple.product-type.bundle.unit-test";
		};
		FECBDDBB26963A07006F5818 /* MVVM-1UITests */ = {
			isa = PBXNativeTarget;
			buildConfigurationList = FECBDDCA26963A07006F5818 /* Build configuration list for PBXNativeTarget "MVVM-1UITests" */;
			buildPhases = (
				FECBDDB826963A07006F5818 /* Sources */,
				FECBDDB926963A07006F5818 /* Frameworks */,
				FECBDDBA26963A07006F5818 /* Resources */,
			);
			buildRules = (
			);
			dependencies = (
				FECBDDBE26963A07006F5818 /* PBXTargetDependency */,
			);
			name = "MVVM-1UITests";
			productName = "MVVM-1UITests";
			productReference = FECBDDBC26963A07006F5818 /* MVVM-1UITests.xctest */;
			productType = "com.apple.product-type.bundle.ui-testing";
		};
/* End PBXNativeTarget section */

/* Begin PBXProject section */
		FECBDD94269639FF006F5818 /* Project object */ = {
			isa = PBXProject;
			attributes = {
				BuildIndependentTargetsInParallel = 1;
				LastSwiftUpdateCheck = 1300;
				LastUpgradeCheck = 1300;
				TargetAttributes = {
					FECBDD9B269639FF006F5818 = {
						CreatedOnToolsVersion = 13.0;
					};
					FECBDDB126963A07006F5818 = {
						CreatedOnToolsVersion = 13.0;
						TestTargetID = FECBDD9B269639FF006F5818;
					};
					FECBDDBB26963A07006F5818 = {
						CreatedOnToolsVersion = 13.0;
						TestTargetID = FECBDD9B269639FF006F5818;
					};
				};
			};
			buildConfigurationList = FECBDD97269639FF006F5818 /* Build configuration list for PBXProject "MVVM-1" */;
			compatibilityVersion = "Xcode 13.0";
			developmentRegion = en;
			hasScannedForEncodings = 0;
			knownRegions = (
				en,
				Base,
			);
			mainGroup = FECBDD93269639FF006F5818;
			productRefGroup = FECBDD9D269639FF006F5818 /* Products */;
			projectDirPath = "";
			projectRoot = "";
			targets = (
				FECBDD9B269639FF006F5818 /* MVVM-1 */,
				FECBDDB126963A07006F5818 /* MVVM-1Tests */,
				FECBDDBB26963A07006F5818 /* MVVM-1UITests */,
			);
		};
/* End PBXProject section */

/* Begin PBXResourcesBuildPhase section */
		FECBDD9A269639FF006F5818 /* Resources */ = {
			isa = PBXResourcesBuildPhase;
			buildActionMask = 2147483647;
			files = (
				FECBDDAC26963A06006F5818 /* LaunchScreen.storyboard in Resources */,
				FECBDDA926963A06006F5818 /* Assets.xcassets in Resources */,
				FECBDDA7269639FF006F5818 /* Main.storyboard in Resources */,
			);
			runOnlyForDeploymentPostprocessing = 0;
		};
		FECBDDB026963A07006F5818 /* Resources */ = {
			isa = PBXResourcesBuildPhase;
			buildActionMask = 2147483647;
			files = (
			);
			runOnlyForDeploymentPostprocessing = 0;
		};
		FECBDDBA26963A07006F5818 /* Resources */ = {
			isa = PBXResourcesBuildPhase;
			buildActionMask = 2147483647;
			files = (
			);
			runOnlyForDeploymentPostprocessing = 0;
		};
/* End PBXResourcesBuildPhase section */

/* Begin PBXSourcesBuildPhase section */
		FECBDD98269639FF006F5818 /* Sources */ = {
			isa = PBXSourcesBuildPhase;
			buildActionMask = 2147483647;
			files = (
				FECBDDA4269639FF006F5818 /* ViewController.swift in Sources */,
				FECBDDCE26963A90006F5818 /* Profile.swift in Sources */,
				FECBDDA0269639FF006F5818 /* AppDelegate.swift in Sources */,
				FECBDDA2269639FF006F5818 /* SceneDelegate.swift in Sources */,
			);
			runOnlyForDeploymentPostprocessing = 0;
		};
		FECBDDAE26963A07006F5818 /* Sources */ = {
			isa = PBXSourcesBuildPhase;
			buildActionMask = 2147483647;
			files = (
				FECBDDB726963A07006F5818 /* MVVM_1Tests.swift in Sources */,
			);
			runOnlyForDeploymentPostprocessing = 0;
		};
		FECBDDB826963A07006F5818 /* Sources */ = {
			isa = PBXSourcesBuildPhase;
			buildActionMask = 2147483647;
			files = (
				FECBDDC126963A07006F5818 /* MVVM_1UITests.swift in Sources */,
			);
			runOnlyForDeploymentPostprocessing = 0;
		};
/* End PBXSourcesBuildPhase section */

/* Begin PBXTargetDependency section */
		FECBDDB426963A07006F5818 /* PBXTargetDependency */ = {
			isa = PBXTargetDependency;
			target = FECBDD9B269639FF006F5818 /* MVVM-1 */;
			targetProxy = FECBDDB326963A07006F5818 /* PBXContainerItemProxy */;
		};
		FECBDDBE26963A07006F5818 /* PBXTargetDependency */ = {
			isa = PBXTargetDependency;
			target = FECBDD9B269639FF006F5818 /* MVVM-1 */;
			targetProxy = FECBDDBD26963A07006F5818 /* PBXContainerItemProxy */;
		};
/* End PBXTargetDependency section */

/* Begin PBXVariantGroup section */
		FECBDDA5269639FF006F5818 /* Main.storyboard */ = {
			isa = PBXVariantGroup;
			children = (
				FECBDDA6269639FF006F5818 /* Base */,
			);
			name = Main.storyboard;
			sourceTree = "<group>";
		};
		FECBDDAA26963A06006F5818 /* LaunchScreen.storyboard */ = {
			isa = PBXVariantGroup;
			children = (
				FECBDDAB26963A06006F5818 /* Base */,
			);
			name = LaunchScreen.storyboard;
			sourceTree = "<group>";
		};
/* End PBXVariantGroup section */

/* Begin XCBuildConfiguration section */
		FECBDDC226963A07006F5818 /* Debug */ = {
			isa = XCBuildConfiguration;
			buildSettings = {
				ALWAYS_SEARCH_USER_PATHS = NO;
				CLANG_ANALYZER_NONNULL = YES;
				CLANG_ANALYZER_NUMBER_OBJECT_CONVERSION = YES_AGGRESSIVE;
				CLANG_CXX_LANGUAGE_STANDARD = "gnu++14";
				CLANG_CXX_LIBRARY = "libc++";
				CLANG_ENABLE_MODULES = YES;
				CLANG_ENABLE_OBJC_ARC = YES;
				CLANG_ENABLE_OBJC_WEAK = YES;
				CLANG_WARN_BLOCK_CAPTURE_AUTORELEASING = YES;
				CLANG_WARN_BOOL_CONVERSION = YES;
				CLANG_WARN_COMMA = YES;
				CLANG_WARN_CONSTANT_CONVERSION = YES;
				CLANG_WARN_DEPRECATED_OBJC_IMPLEMENTATIONS = YES;
				CLANG_WARN_DIRECT_OBJC_ISA_USAGE = YES_ERROR;
				CLANG_WARN_DOCUMENTATION_COMMENTS = YES;
				CLANG_WARN_EMPTY_BODY = YES;
				CLANG_WARN_ENUM_CONVERSION = YES;
				CLANG_WARN_INFINITE_RECURSION = YES;
				CLANG_WARN_INT_CONVERSION = YES;
				CLANG_WARN_NON_LITERAL_NULL_CONVERSION = YES;
				CLANG_WARN_OBJC_IMPLICIT_RETAIN_SELF = YES;
				CLANG_WARN_OBJC_LITERAL_CONVERSION = YES;
				CLANG_WARN_OBJC_ROOT_CLASS = YES_ERROR;
				CLANG_WARN_QUOTED_INCLUDE_IN_FRAMEWORK_HEADER = YES;
				CLANG_WARN_RANGE_LOOP_ANALYSIS = YES;
				CLANG_WARN_STRICT_PROTOTYPES = YES;
				CLANG_WARN_SUSPICIOUS_MOVE = YES;
				CLANG_WARN_UNGUARDED_AVAILABILITY = YES_AGGRESSIVE;
				CLANG_WARN_UNREACHABLE_CODE = YES;
				CLANG_WARN__DUPLICATE_METHOD_MATCH = YES;
				COPY_PHASE_STRIP = NO;
				DEBUG_INFORMATION_FORMAT = dwarf;
				ENABLE_STRICT_OBJC_MSGSEND = YES;
				ENABLE_TESTABILITY = YES;
				GCC_C_LANGUAGE_STANDARD = gnu11;
				GCC_DYNAMIC_NO_PIC = NO;
				GCC_NO_COMMON_BLOCKS = YES;
				GCC_OPTIMIZATION_LEVEL = 0;
				GCC_PREPROCESSOR_DEFINITIONS = (
					"DEBUG=1",
					"$(inherited)",
				);
				GCC_WARN_64_TO_32_BIT_CONVERSION = YES;
				GCC_WARN_ABOUT_RETURN_TYPE = YES_ERROR;
				GCC_WARN_UNDECLARED_SELECTOR = YES;
				GCC_WARN_UNINITIALIZED_AUTOS = YES_AGGRESSIVE;
				GCC_WARN_UNUSED_FUNCTION = YES;
				GCC_WARN_UNUSED_VARIABLE = YES;
				IPHONEOS_DEPLOYMENT_TARGET = 15.0;
				MTL_ENABLE_DEBUG_INFO = INCLUDE_SOURCE;
				MTL_FAST_MATH = YES;
				ONLY_ACTIVE_ARCH = YES;
				SDKROOT = iphoneos;
				SWIFT_ACTIVE_COMPILATION_CONDITIONS = DEBUG;
				SWIFT_OPTIMIZATION_LEVEL = "-Onone";
			};
			name = Debug;
		};
		FECBDDC326963A07006F5818 /* Release */ = {
			isa = XCBuildConfiguration;
			buildSettings = {
				ALWAYS_SEARCH_USER_PATHS = NO;
				CLANG_ANALYZER_NONNULL = YES;
				CLANG_ANALYZER_NUMBER_OBJECT_CONVERSION = YES_AGGRESSIVE;
				CLANG_CXX_LANGUAGE_STANDARD = "gnu++14";
				CLANG_CXX_LIBRARY = "libc++";
				CLANG_ENABLE_MODULES = YES;
				CLANG_ENABLE_OBJC_ARC = YES;
				CLANG_ENABLE_OBJC_WEAK = YES;
				CLANG_WARN_BLOCK_CAPTURE_AUTORELEASING = YES;
				CLANG_WARN_BOOL_CONVERSION = YES;
				CLANG_WARN_COMMA = YES;
				CLANG_WARN_CONSTANT_CONVERSION = YES;
				CLANG_WARN_DEPRECATED_OBJC_IMPLEMENTATIONS = YES;
				CLANG_WARN_DIRECT_OBJC_ISA_USAGE = YES_ERROR;
				CLANG_WARN_DOCUMENTATION_COMMENTS = YES;
				CLANG_WARN_EMPTY_BODY = YES;
				CLANG_WARN_ENUM_CONVERSION = YES;
				CLANG_WARN_INFINITE_RECURSION = YES;
				CLANG_WARN_INT_CONVERSION = YES;
				CLANG_WARN_NON_LITERAL_NULL_CONVERSION = YES;
				CLANG_WARN_OBJC_IMPLICIT_RETAIN_SELF = YES;
				CLANG_WARN_OBJC_LITERAL_CONVERSION = YES;
				CLANG_WARN_OBJC_ROOT_CLASS = YES_ERROR;
				CLANG_WARN_QUOTED_INCLUDE_IN_FRAMEWORK_HEADER = YES;
				CLANG_WARN_RANGE_LOOP_ANALYSIS = YES;
				CLANG_WARN_STRICT_PROTOTYPES = YES;
				CLANG_WARN_SUSPICIOUS_MOVE = YES;
				CLANG_WARN_UNGUARDED_AVAILABILITY = YES_AGGRESSIVE;
				CLANG_WARN_UNREACHABLE_CODE = YES;
				CLANG_WARN__DUPLICATE_METHOD_MATCH = YES;
				COPY_PHASE_STRIP = NO;
				DEBUG_INFORMATION_FORMAT = "dwarf-with-dsym";
				ENABLE_NS_ASSERTIONS = NO;
				ENABLE_STRICT_OBJC_MSGSEND = YES;
				GCC_C_LANGUAGE_STANDARD = gnu11;
				GCC_NO_COMMON_BLOCKS = YES;
				GCC_WARN_64_TO_32_BIT_CONVERSION = YES;
				GCC_WARN_ABOUT_RETURN_TYPE = YES_ERROR;
				GCC_WARN_UNDECLARED_SELECTOR = YES;
				GCC_WARN_UNINITIALIZED_AUTOS = YES_AGGRESSIVE;
				GCC_WARN_UNUSED_FUNCTION = YES;
				GCC_WARN_UNUSED_VARIABLE = YES;
				IPHONEOS_DEPLOYMENT_TARGET = 15.0;
				MTL_ENABLE_DEBUG_INFO = NO;
				MTL_FAST_MATH = YES;
				SDKROOT = iphoneos;
				SWIFT_COMPILATION_MODE = wholemodule;
				SWIFT_OPTIMIZATION_LEVEL = "-O";
				VALIDATE_PRODUCT = YES;
			};
			name = Release;
		};
		FECBDDC526963A07006F5818 /* Debug */ = {
			isa = XCBuildConfiguration;
			buildSettings = {
				ASSETCATALOG_COMPILER_APPICON_NAME = AppIcon;
				ASSETCATALOG_COMPILER_GLOBAL_ACCENT_COLOR_NAME = AccentColor;
				CODE_SIGN_STYLE = Automatic;
				CURRENT_PROJECT_VERSION = 1;
				DEVELOPMENT_TEAM = ND68BB84B4;
				GENERATE_INFOPLIST_FILE = YES;
				INFOPLIST_FILE = "MVVM-1/Info.plist";
				INFOPLIST_KEY_UIApplicationSupportsIndirectInputEvents = YES;
				INFOPLIST_KEY_UILaunchStoryboardName = LaunchScreen;
				INFOPLIST_KEY_UIMainStoryboardFile = Main;
				INFOPLIST_KEY_UISupportedInterfaceOrientations_iPad = "UIInterfaceOrientationPortrait UIInterfaceOrientationPortraitUpsideDown UIInterfaceOrientationLandscapeLeft UIInterfaceOrientationLandscapeRight";
				INFOPLIST_KEY_UISupportedInterfaceOrientations_iPhone = "UIInterfaceOrientationPortrait UIInterfaceOrientationLandscapeLeft UIInterfaceOrientationLandscapeRight";
				LD_RUNPATH_SEARCH_PATHS = (
					"$(inherited)",
					"@executable_path/Frameworks",
				);
				MARKETING_VERSION = 1.0;
				PRODUCT_BUNDLE_IDENTIFIER = "com.MVVM-1.MVVM-1";
				PRODUCT_NAME = "$(TARGET_NAME)";
				SWIFT_EMIT_LOC_STRINGS = YES;
				SWIFT_VERSION = 5.0;
				TARGETED_DEVICE_FAMILY = "1,2";
			};
			name = Debug;
		};
		FECBDDC626963A07006F5818 /* Release */ = {
			isa = XCBuildConfiguration;
			buildSettings = {
				ASSETCATALOG_COMPILER_APPICON_NAME = AppIcon;
				ASSETCATALOG_COMPILER_GLOBAL_ACCENT_COLOR_NAME = AccentColor;
				CODE_SIGN_STYLE = Automatic;
				CURRENT_PROJECT_VERSION = 1;
				DEVELOPMENT_TEAM = ND68BB84B4;
				GENERATE_INFOPLIST_FILE = YES;
				INFOPLIST_FILE = "MVVM-1/Info.plist";
				INFOPLIST_KEY_UIApplicationSupportsIndirectInputEvents = YES;
				INFOPLIST_KEY_UILaunchStoryboardName = LaunchScreen;
				INFOPLIST_KEY_UIMainStoryboardFile = Main;
				INFOPLIST_KEY_UISupportedInterfaceOrientations_iPad = "UIInterfaceOrientationPortrait UIInterfaceOrientationPortraitUpsideDown UIInterfaceOrientationLandscapeLeft UIInterfaceOrientationLandscapeRight";
				INFOPLIST_KEY_UISupportedInterfaceOrientations_iPhone = "UIInterfaceOrientationPortrait UIInterfaceOrientationLandscapeLeft UIInterfaceOrientationLandscapeRight";
				LD_RUNPATH_SEARCH_PATHS = (
					"$(inherited)",
					"@executable_path/Frameworks",
				);
				MARKETING_VERSION = 1.0;
				PRODUCT_BUNDLE_IDENTIFIER = "com.MVVM-1.MVVM-1";
				PRODUCT_NAME = "$(TARGET_NAME)";
				SWIFT_EMIT_LOC_STRINGS = YES;
				SWIFT_VERSION = 5.0;
				TARGETED_DEVICE_FAMILY = "1,2";
			};
			name = Release;
		};
		FECBDDC826963A07006F5818 /* Debug */ = {
			isa = XCBuildConfiguration;
			buildSettings = {
				ALWAYS_EMBED_SWIFT_STANDARD_LIBRARIES = YES;
				BUNDLE_LOADER = "$(TEST_HOST)";
				CODE_SIGN_STYLE = Automatic;
				CURRENT_PROJECT_VERSION = 1;
				DEVELOPMENT_TEAM = ND68BB84B4;
				GENERATE_INFOPLIST_FILE = YES;
				IPHONEOS_DEPLOYMENT_TARGET = 15.0;
				LD_RUNPATH_SEARCH_PATHS = (
					"$(inherited)",
					"@executable_path/Frameworks",
					"@loader_path/Frameworks",
				);
				MARKETING_VERSION = 1.0;
				PRODUCT_BUNDLE_IDENTIFIER = "com.MVVM-1.MVVM-1Tests";
				PRODUCT_NAME = "$(TARGET_NAME)";
				SWIFT_EMIT_LOC_STRINGS = NO;
				SWIFT_VERSION = 5.0;
				TARGETED_DEVICE_FAMILY = "1,2";
				TEST_HOST = "$(BUILT_PRODUCTS_DIR)/MVVM-1.app/MVVM-1";
			};
			name = Debug;
		};
		FECBDDC926963A07006F5818 /* Release */ = {
			isa = XCBuildConfiguration;
			buildSettings = {
				ALWAYS_EMBED_SWIFT_STANDARD_LIBRARIES = YES;
				BUNDLE_LOADER = "$(TEST_HOST)";
				CODE_SIGN_STYLE = Automatic;
				CURRENT_PROJECT_VERSION = 1;
				DEVELOPMENT_TEAM = ND68BB84B4;
				GENERATE_INFOPLIST_FILE = YES;
				IPHONEOS_DEPLOYMENT_TARGET = 15.0;
				LD_RUNPATH_SEARCH_PATHS = (
					"$(inherited)",
					"@executable_path/Frameworks",
					"@loader_path/Frameworks",
				);
				MARKETING_VERSION = 1.0;
				PRODUCT_BUNDLE_IDENTIFIER = "com.MVVM-1.MVVM-1Tests";
				PRODUCT_NAME = "$(TARGET_NAME)";
				SWIFT_EMIT_LOC_STRINGS = NO;
				SWIFT_VERSION = 5.0;
				TARGETED_DEVICE_FAMILY = "1,2";
				TEST_HOST = "$(BUILT_PRODUCTS_DIR)/MVVM-1.app/MVVM-1";
			};
			name = Release;
		};
		FECBDDCB26963A07006F5818 /* Debug */ = {
			isa = XCBuildConfiguration;
			buildSettings = {
				ALWAYS_EMBED_SWIFT_STANDARD_LIBRARIES = YES;
				CODE_SIGN_STYLE = Automatic;
				CURRENT_PROJECT_VERSION = 1;
				DEVELOPMENT_TEAM = ND68BB84B4;
				GENERATE_INFOPLIST_FILE = YES;
				LD_RUNPATH_SEARCH_PATHS = (
					"$(inherited)",
					"@executable_path/Frameworks",
					"@loader_path/Frameworks",
				);
				MARKETING_VERSION = 1.0;
				PRODUCT_BUNDLE_IDENTIFIER = "com.MVVM-1.MVVM-1UITests";
				PRODUCT_NAME = "$(TARGET_NAME)";
				SWIFT_EMIT_LOC_STRINGS = NO;
				SWIFT_VERSION = 5.0;
				TARGETED_DEVICE_FAMILY = "1,2";
				TEST_TARGET_NAME = "MVVM-1";
			};
			name = Debug;
		};
		FECBDDCC26963A07006F5818 /* Release */ = {
			isa = XCBuildConfiguration;
			buildSettings = {
				ALWAYS_EMBED_SWIFT_STANDARD_LIBRARIES = YES;
				CODE_SIGN_STYLE = Automatic;
				CURRENT_PROJECT_VERSION = 1;
				DEVELOPMENT_TEAM = ND68BB84B4;
				GENERATE_INFOPLIST_FILE = YES;
				LD_RUNPATH_SEARCH_PATHS = (
					"$(inherited)",
					"@executable_path/Frameworks",
					"@loader_path/Frameworks",
				);
				MARKETING_VERSION = 1.0;
				PRODUCT_BUNDLE_IDENTIFIER = "com.MVVM-1.MVVM-1UITests";
				PRODUCT_NAME = "$(TARGET_NAME)";
				SWIFT_EMIT_LOC_STRINGS = NO;
				SWIFT_VERSION = 5.0;
				TARGETED_DEVICE_FAMILY = "1,2";
				TEST_TARGET_NAME = "MVVM-1";
			};
			name = Release;
		};
/* End XCBuildConfiguration section */

/* Begin XCConfigurationList section */
		FECBDD97269639FF006F5818 /* Build configuration list for PBXProject "MVVM-1" */ = {
			isa = XCConfigurationList;
			buildConfigurations = (
				FECBDDC226963A07006F5818 /* Debug */,
				FECBDDC326963A07006F5818 /* Release */,
			);
			defaultConfigurationIsVisible = 0;
			defaultConfigurationName = Release;
		};
		FECBDDC426963A07006F5818 /* Build configuration list for PBXNativeTarget "MVVM-1" */ = {
			isa = XCConfigurationList;
			buildConfigurations = (
				FECBDDC526963A07006F5818 /* Debug */,
				FECBDDC626963A07006F5818 /* Release */,
			);
			defaultConfigurationIsVisible = 0;
			defaultConfigurationName = Release;
		};
		FECBDDC726963A07006F5818 /* Build configuration list for PBXNativeTarget "MVVM-1Tests" */ = {
			isa = XCConfigurationList;
			buildConfigurations = (
				FECBDDC826963A07006F5818 /* Debug */,
				FECBDDC926963A07006F5818 /* Release */,
			);
			defaultConfigurationIsVisible = 0;
			defaultConfigurationName = Release;
		};
		FECBDDCA26963A07006F5818 /* Build configuration list for PBXNativeTarget "MVVM-1UITests" */ = {
			isa = XCConfigurationList;
			buildConfigurations = (
				FECBDDCB26963A07006F5818 /* Debug */,
				FECBDDCC26963A07006F5818 /* Release */,
			);
			defaultConfigurationIsVisible = 0;
			defaultConfigurationName = Release;
		};
/* End XCConfigurationList section */
	};
	rootObject = FECBDD94269639FF006F5818 /* Project object */;
}
